
Microsoft Visual Studio Solution File, Format Version 12.00
# Visual Studio 15
VisualStudioVersion = 15.0.28307.539
MinimumVisualStudioVersion = 10.0.40219.1
Project("{FAE04EC0-301F-11D3-BF4B-00C04F79EFBC}") = "GGGDb", "GGGDb\GGGDb.csproj", "{09FD3D18-3432-4499-A2CC-C00A2E012AF8}"
EndProject
Project("{FAE04EC0-301F-11D3-BF4B-00C04F79EFBC}") = "GGGDTO", "GGGDTO\GGGDTO.csproj", "{D9D49099-EBFC-4B11-B809-BE43A421B055}"
EndProject
Project("{FAE04EC0-301F-11D3-BF4B-00C04F79EFBC}") = "GGGApi", "GGGApi\GGGApi.csproj", "{1D197AEF-0ACF-4255-831B-CFAEE84CE772}"
EndProject
Project("{FAE04EC0-301F-11D3-BF4B-00C04F79EFBC}") = "GGGWeb", "GGGWeb\GGGWeb.csproj", "{AC71CA4E-EE1B-4E7E-808B-502A11F0C6BF}"
EndProject
Global
	GlobalSection(SolutionConfigurationPlatforms) = preSolution
		Debug|Any CPU = Debug|Any CPU
		Release|Any CPU = Release|Any CPU
	EndGlobalSection
	GlobalSection(ProjectConfigurationPlatforms) = postSolution
		{09FD3D18-3432-4499-A2CC-C00A2E012AF8}.Debug|Any CPU.ActiveCfg = Debug|Any CPU
		{09FD3D18-3432-4499-A2CC-C00A2E012AF8}.Debug|Any CPU.Build.0 = Debug|Any CPU
		{09FD3D18-3432-4499-A2CC-C00A2E012AF8}.Release|Any CPU.ActiveCfg = Release|Any CPU
		{09FD3D18-3432-4499-A2CC-C00A2E012AF8}.Release|Any CPU.Build.0 = Release|Any CPU
		{D9D49099-EBFC-4B11-B809-BE43A421B055}.Debug|Any CPU.ActiveCfg = Debug|Any CPU
		{D9D49099-EBFC-4B11-B809-BE43A421B055}.Debug|Any CPU.Build.0 = Debug|Any CPU
		{D9D49099-EBFC-4B11-B809-BE43A421B055}.Release|Any CPU.ActiveCfg = Release|Any CPU
		{D9D49099-EBFC-4B11-B809-BE43A421B055}.Release|Any CPU.Build.0 = Release|Any CPU
		{1D197AEF-0ACF-4255-831B-CFAEE84CE772}.Debug|Any CPU.ActiveCfg = Debug|Any CPU
		{1D197AEF-0ACF-4255-831B-CFAEE84CE772}.Debug|Any CPU.Build.0 = Debug|Any CPU
		{1D197AEF-0ACF-4255-831B-CFAEE84CE772}.Release|Any CPU.ActiveCfg = Release|Any CPU
		{1D197AEF-0ACF-4255-831B-CFAEE84CE772}.Release|Any CPU.Build.0 = Release|Any CPU
		{AC71CA4E-EE1B-4E7E-808B-502A11F0C6BF}.Debug|Any CPU.ActiveCfg = Debug|Any CPU
		{AC71CA4E-EE1B-4E7E-808B-502A11F0C6BF}.Debug|Any CPU.Build.0 = Debug|Any CPU
		{AC71CA4E-EE1B-4E7E-808B-502A11F0C6BF}.Release|Any CPU.ActiveCfg = Release|Any CPU
		{AC71CA4E-EE1B-4E7E-808B-502A11F0C6BF}.Release|Any CPU.Build.0 = Release|Any CPU
	EndGlobalSection
	GlobalSection(SolutionProperties) = preSolution
		HideSolutionNode = FALSE
	EndGlobalSection
	GlobalSection(ExtensibilityGlobals) = postSolution
		SolutionGuid = {6ADBB603-9F50-4D4E-947F-5C281166695F}
	EndGlobalSection
EndGlobal
